Microsoft Visual Studio Solution File, Format Version 12.00
# Visual Studio Version 17
VisualStudioVersion = 17.5.2.0
MinimumVisualStudioVersion = 10.0.40219.1
Project("{FAE04EC0-301F-11D3-BF4B-00C04F79EFBC}") = "GolfBooking.Shared", "GolfBooking.Shared.csproj", "{D6152300-B63E-8E69-6B8D-706960B4F5B8}"
EndProject
Global
	GlobalSection(SolutionConfigurationPlatforms) = preSolution
		Debug|Any CPU = Debug|Any CPU
		Release|Any CPU = Release|Any CPU
	EndGlobalSection
	GlobalSection(ProjectConfigurationPlatforms) = postSolution
		{D6152300-B63E-8E69-6B8D-706960B4F5B8}.Debug|Any CPU.ActiveCfg = Debug|Any CPU
		{D6152300-B63E-8E69-6B8D-706960B4F5B8}.Debug|Any CPU.Build.0 = Debug|Any CPU
		{D6152300-B63E-8E69-6B8D-706960B4F5B8}.Release|Any CPU.ActiveCfg = Release|Any CPU
		{D6152300-B63E-8E69-6B8D-706960B4F5B8}.Release|Any CPU.Build.0 = Release|Any CPU
	EndGlobalSection
	GlobalSection(SolutionProperties) = preSolution
		HideSolutionNode = FALSE
	EndGlobalSection
	GlobalSection(ExtensibilityGlobals) = postSolution
		SolutionGuid = {E43D9DDB-1B69-450F-B260-94D9C3F6B83C}
	EndGlobalSection
EndGlobal
